
Microsoft Visual Studio Solution File, Format Version 12.00
# Visual Studio Version 17
VisualStudioVersion = 17.9.34701.34
MinimumVisualStudioVersion = 10.0.40219.1
Project("{9A19103F-16F7-4668-BE54-9A1E7A4F7556}") = "Nea", "Nea.csproj", "{4C8613B1-FC52-40AD-809A-989B3B9F409D}"
EndProject
Global
	GlobalSection(SolutionConfigurationPlatforms) = preSolution
		Debug|Any CPU = Debug|Any CPU
		Release|Any CPU = Release|Any CPU
	EndGlobalSection
	GlobalSection(ProjectConfigurationPlatforms) = postSolution
		{4C8613B1-FC52-40AD-809A-989B3B9F409D}.Debug|Any CPU.ActiveCfg = Debug|Any CPU
		{4C8613B1-FC52-40AD-809A-989B3B9F409D}.Debug|Any CPU.Build.0 = Debug|Any CPU
		{4C8613B1-FC52-40AD-809A-989B3B9F409D}.Release|Any CPU.ActiveCfg = Release|Any CPU
		{4C8613B1-FC52-40AD-809A-989B3B9F409D}.Release|Any CPU.Build.0 = Release|Any CPU
	EndGlobalSection
	GlobalSection(SolutionProperties) = preSolution
		HideSolutionNode = FALSE
	EndGlobalSection
	GlobalSection(ExtensibilityGlobals) = postSolution
		SolutionGuid = {5402BDDF-665C-4B43-9135-4C26DA262998}
	EndGlobalSection
EndGlobal
